
Microsoft Visual Studio Solution File, Format Version 12.00
# Visual Studio Version 17
VisualStudioVersion = 17.13.35828.75 d17.13
MinimumVisualStudioVersion = 10.0.40219.1
Project("{FAE04EC0-301F-11D3-BF4B-00C04F79EFBC}") = "CodingWiki_Web", "CodingWiki_Web\CodingWiki_Web.csproj", "{AF0E7D09-9025-4AE3-B711-005279D7277D}"
EndProject
Project("{FAE04EC0-301F-11D3-BF4B-00C04F79EFBC}") = "CodingWiki_DataAccess", "CodingWiki_DatAccess\CodingWiki_DataAccess.csproj", "{BFAAAB47-F9BA-4F86-BFB3-C4679CE56385}"
EndProject
Project("{FAE04EC0-301F-11D3-BF4B-00C04F79EFBC}") = "CodingWiki_Model", "CodingWiki_Model\CodingWiki_Model.csproj", "{905FC9DF-8AE3-4F60-B870-53FCF63F0090}"
EndProject
Project("{FAE04EC0-301F-11D3-BF4B-00C04F79EFBC}") = "CodingWiki_Console", "CodingWiki_Console\CodingWiki_Console.csproj", "{3180004B-3858-4F54-8122-2E88E6A3B898}"
EndProject
Global
	GlobalSection(SolutionConfigurationPlatforms) = preSolution
		Debug|Any CPU = Debug|Any CPU
		Release|Any CPU = Release|Any CPU
	EndGlobalSection
	GlobalSection(ProjectConfigurationPlatforms) = postSolution
		{AF0E7D09-9025-4AE3-B711-005279D7277D}.Debug|Any CPU.ActiveCfg = Debug|Any CPU
		{AF0E7D09-9025-4AE3-B711-005279D7277D}.Debug|Any CPU.Build.0 = Debug|Any CPU
		{AF0E7D09-9025-4AE3-B711-005279D7277D}.Release|Any CPU.ActiveCfg = Release|Any CPU
		{AF0E7D09-9025-4AE3-B711-005279D7277D}.Release|Any CPU.Build.0 = Release|Any CPU
		{BFAAAB47-F9BA-4F86-BFB3-C4679CE56385}.Debug|Any CPU.ActiveCfg = Debug|Any CPU
		{BFAAAB47-F9BA-4F86-BFB3-C4679CE56385}.Debug|Any CPU.Build.0 = Debug|Any CPU
		{BFAAAB47-F9BA-4F86-BFB3-C4679CE56385}.Release|Any CPU.ActiveCfg = Release|Any CPU
		{BFAAAB47-F9BA-4F86-BFB3-C4679CE56385}.Release|Any CPU.Build.0 = Release|Any CPU
		{905FC9DF-8AE3-4F60-B870-53FCF63F0090}.Debug|Any CPU.ActiveCfg = Debug|Any CPU
		{905FC9DF-8AE3-4F60-B870-53FCF63F0090}.Debug|Any CPU.Build.0 = Debug|Any CPU
		{905FC9DF-8AE3-4F60-B870-53FCF63F0090}.Release|Any CPU.ActiveCfg = Release|Any CPU
		{905FC9DF-8AE3-4F60-B870-53FCF63F0090}.Release|Any CPU.Build.0 = Release|Any CPU
		{3180004B-3858-4F54-8122-2E88E6A3B898}.Debug|Any CPU.ActiveCfg = Debug|Any CPU
		{3180004B-3858-4F54-8122-2E88E6A3B898}.Debug|Any CPU.Build.0 = Debug|Any CPU
		{3180004B-3858-4F54-8122-2E88E6A3B898}.Release|Any CPU.ActiveCfg = Release|Any CPU
		{3180004B-3858-4F54-8122-2E88E6A3B898}.Release|Any CPU.Build.0 = Release|Any CPU
	EndGlobalSection
	GlobalSection(SolutionProperties) = preSolution
		HideSolutionNode = FALSE
	EndGlobalSection
	GlobalSection(ExtensibilityGlobals) = postSolution
		SolutionGuid = {C7B9B183-6D15-40AE-AD61-767AD874AC28}
	EndGlobalSection
EndGlobal
